
Microsoft Visual Studio Solution File, Format Version 12.00
# Visual Studio Version 16
VisualStudioVersion = 16.0.30413.136
MinimumVisualStudioVersion = 10.0.40219.1
Project("{F184B08F-C81C-45F6-A57F-5ABD9991F28F}") = "UserData", "UserData\UserData.vbproj", "{FBB018F2-50B2-41D2-A62E-6C872F745EBA}"
EndProject
Global
	GlobalSection(SolutionConfigurationPlatforms) = preSolution
		Debug|Any CPU = Debug|Any CPU
		Release|Any CPU = Release|Any CPU
	EndGlobalSection
	GlobalSection(ProjectConfigurationPlatforms) = postSolution
		{FBB018F2-50B2-41D2-A62E-6C872F745EBA}.Debug|Any CPU.ActiveCfg = Debug|Any CPU
		{FBB018F2-50B2-41D2-A62E-6C872F745EBA}.Debug|Any CPU.Build.0 = Debug|Any CPU
		{FBB018F2-50B2-41D2-A62E-6C872F745EBA}.Release|Any CPU.ActiveCfg = Release|Any CPU
		{FBB018F2-50B2-41D2-A62E-6C872F745EBA}.Release|Any CPU.Build.0 = Release|Any CPU
	EndGlobalSection
	GlobalSection(SolutionProperties) = preSolution
		HideSolutionNode = FALSE
	EndGlobalSection
	GlobalSection(ExtensibilityGlobals) = postSolution
		SolutionGuid = {9C773D05-4247-41B5-8422-6AAD0084A991}
	EndGlobalSection
EndGlobal
